
Microsoft Visual Studio Solution File, Format Version 12.00
# Visual Studio 15
VisualStudioVersion = 15.0.27703.2042
MinimumVisualStudioVersion = 10.0.40219.1
Project("{FAE04EC0-301F-11D3-BF4B-00C04F79EFBC}") = "OmbiReleaseFinder", "OmbiReleaseFinder\OmbiReleaseFinder.csproj", "{70116240-528F-4444-8FE0-E172F2701D5D}"
EndProject
Global
	GlobalSection(SolutionConfigurationPlatforms) = preSolution
		Debug|Any CPU = Debug|Any CPU
		Release|Any CPU = Release|Any CPU
	EndGlobalSection
	GlobalSection(ProjectConfigurationPlatforms) = postSolution
		{70116240-528F-4444-8FE0-E172F2701D5D}.Debug|Any CPU.ActiveCfg = Debug|Any CPU
		{70116240-528F-4444-8FE0-E172F2701D5D}.Debug|Any CPU.Build.0 = Debug|Any CPU
		{70116240-528F-4444-8FE0-E172F2701D5D}.Release|Any CPU.ActiveCfg = Release|Any CPU
		{70116240-528F-4444-8FE0-E172F2701D5D}.Release|Any CPU.Build.0 = Release|Any CPU
	EndGlobalSection
	GlobalSection(SolutionProperties) = preSolution
		HideSolutionNode = FALSE
	EndGlobalSection
	GlobalSection(ExtensibilityGlobals) = postSolution
		SolutionGuid = {92768539-61D0-4142-B655-4FF48788DA30}
	EndGlobalSection
EndGlobal
